
Microsoft Visual Studio Solution File, Format Version 12.00
# Visual Studio Version 17
VisualStudioVersion = 17.8.34525.116
MinimumVisualStudioVersion = 10.0.40219.1
Project("{FAE04EC0-301F-11D3-BF4B-00C04F79EFBC}") = "final_project_C-sharp2", "final_project_C-sharp2.csproj", "{22A68042-6F64-4F27-B86E-A204DB672773}"
EndProject
Global
	GlobalSection(SolutionConfigurationPlatforms) = preSolution
		Debug|Any CPU = Debug|Any CPU
		Release|Any CPU = Release|Any CPU
	EndGlobalSection
	GlobalSection(ProjectConfigurationPlatforms) = postSolution
		{22A68042-6F64-4F27-B86E-A204DB672773}.Debug|Any CPU.ActiveCfg = Debug|Any CPU
		{22A68042-6F64-4F27-B86E-A204DB672773}.Debug|Any CPU.Build.0 = Debug|Any CPU
		{22A68042-6F64-4F27-B86E-A204DB672773}.Release|Any CPU.ActiveCfg = Release|Any CPU
		{22A68042-6F64-4F27-B86E-A204DB672773}.Release|Any CPU.Build.0 = Release|Any CPU
	EndGlobalSection
	GlobalSection(SolutionProperties) = preSolution
		HideSolutionNode = FALSE
	EndGlobalSection
	GlobalSection(ExtensibilityGlobals) = postSolution
		SolutionGuid = {A123D015-8B09-4F7E-B87B-F799407596E4}
	EndGlobalSection
EndGlobal
